
Microsoft Visual Studio Solution File, Format Version 12.00
# Visual Studio 15
VisualStudioVersion = 15.0.28010.0
MinimumVisualStudioVersion = 10.0.40219.1
Project("{9A19103F-16F7-4668-BE54-9A1E7A4F7556}") = "SmartHotel.Services.RoomDevices", "SmartHotel.Services.RoomDevices\SmartHotel.Services.RoomDevices.csproj", "{4B779B62-BCA5-40C4-8F4D-96693830F24A}"
EndProject
Project("{E53339B2-1760-4266-BCC7-CA923CBCF16C}") = "docker-compose", "docker-compose.dcproj", "{A5B75DE0-3568-47E1-AF72-0600D67D2EC2}"
EndProject
Project("{9A19103F-16F7-4668-BE54-9A1E7A4F7556}") = "SmartHotel.Services.FacilityManagement", "SmartHotel.Services.FacilityManagement\SmartHotel.Services.FacilityManagement.csproj", "{AE3FF468-A1E7-4246-8274-DFE9BE0D484B}"
EndProject
Project("{9A19103F-16F7-4668-BE54-9A1E7A4F7556}") = "SmartHotel.Services.SensorDataFunction", "SmartHotel.Services.SensorDataFunction\SmartHotel.Services.SensorDataFunction.csproj", "{E8111AD5-AD7D-48AF-AF32-3436BF1200E9}"
EndProject
Project("{2150E333-8FDC-42A3-9474-1A3956D46DE8}") = "Solution Items", "Solution Items", "{C4140998-B045-4B8D-9AA4-A1B9A1A05992}"
	ProjectSection(SolutionItems) = preProject
		build-push.ps1 = build-push.ps1
		CurrentImageVersion.txt = CurrentImageVersion.txt
		deployments.demo.yaml = deployments.demo.yaml
		deployments.yaml = deployments.yaml
		README.md = README.md
	EndProjectSection
EndProject
Project("{FAE04EC0-301F-11D3-BF4B-00C04F79EFBC}") = "SmartHotel.Services.DeviceRelayFunction", "SmartHotel.Services.DeviceRelayFunction\SmartHotel.Services.DeviceRelayFunction.csproj", "{55645A1D-B43C-4344-A1E0-A2C636DA822D}"
EndProject
Global
	GlobalSection(SolutionConfigurationPlatforms) = preSolution
		Debug|Any CPU = Debug|Any CPU
		Release|Any CPU = Release|Any CPU
	EndGlobalSection
	GlobalSection(ProjectConfigurationPlatforms) = postSolution
		{4B779B62-BCA5-40C4-8F4D-96693830F24A}.Debug|Any CPU.ActiveCfg = Debug|Any CPU
		{4B779B62-BCA5-40C4-8F4D-96693830F24A}.Debug|Any CPU.Build.0 = Debug|Any CPU
		{4B779B62-BCA5-40C4-8F4D-96693830F24A}.Release|Any CPU.ActiveCfg = Release|Any CPU
		{4B779B62-BCA5-40C4-8F4D-96693830F24A}.Release|Any CPU.Build.0 = Release|Any CPU
		{A5B75DE0-3568-47E1-AF72-0600D67D2EC2}.Debug|Any CPU.ActiveCfg = Debug|Any CPU
		{A5B75DE0-3568-47E1-AF72-0600D67D2EC2}.Debug|Any CPU.Build.0 = Debug|Any CPU
		{A5B75DE0-3568-47E1-AF72-0600D67D2EC2}.Release|Any CPU.ActiveCfg = Release|Any CPU
		{A5B75DE0-3568-47E1-AF72-0600D67D2EC2}.Release|Any CPU.Build.0 = Release|Any CPU
		{AE3FF468-A1E7-4246-8274-DFE9BE0D484B}.Debug|Any CPU.ActiveCfg = Debug|Any CPU
		{AE3FF468-A1E7-4246-8274-DFE9BE0D484B}.Debug|Any CPU.Build.0 = Debug|Any CPU
		{AE3FF468-A1E7-4246-8274-DFE9BE0D484B}.Release|Any CPU.ActiveCfg = Release|Any CPU
		{AE3FF468-A1E7-4246-8274-DFE9BE0D484B}.Release|Any CPU.Build.0 = Release|Any CPU
		{E8111AD5-AD7D-48AF-AF32-3436BF1200E9}.Debug|Any CPU.ActiveCfg = Debug|Any CPU
		{E8111AD5-AD7D-48AF-AF32-3436BF1200E9}.Debug|Any CPU.Build.0 = Debug|Any CPU
		{E8111AD5-AD7D-48AF-AF32-3436BF1200E9}.Release|Any CPU.ActiveCfg = Release|Any CPU
		{E8111AD5-AD7D-48AF-AF32-3436BF1200E9}.Release|Any CPU.Build.0 = Release|Any CPU
		{55645A1D-B43C-4344-A1E0-A2C636DA822D}.Debug|Any CPU.ActiveCfg = Debug|Any CPU
		{55645A1D-B43C-4344-A1E0-A2C636DA822D}.Debug|Any CPU.Build.0 = Debug|Any CPU
		{55645A1D-B43C-4344-A1E0-A2C636DA822D}.Release|Any CPU.ActiveCfg = Release|Any CPU
		{55645A1D-B43C-4344-A1E0-A2C636DA822D}.Release|Any CPU.Build.0 = Release|Any CPU
	EndGlobalSection
	GlobalSection(SolutionProperties) = preSolution
		HideSolutionNode = FALSE
	EndGlobalSection
	GlobalSection(ExtensibilityGlobals) = postSolution
		SolutionGuid = {FF9D6DD5-2CDC-47CD-AF02-C6FDB23298D7}
	EndGlobalSection
EndGlobal
