
Microsoft Visual Studio Solution File, Format Version 12.00
# Visual Studio 15
VisualStudioVersion = 15.0.28010.0
MinimumVisualStudioVersion = 10.0.40219.1
Project("{E53339B2-1760-4266-BCC7-CA923CBCF16C}") = "docker-compose", "docker-compose.dcproj", "{7A8C1E30-7075-4B97-8E51-40B2429AC8C2}"
EndProject
Project("{2150E333-8FDC-42A3-9474-1A3956D46DE8}") = "Solution Items", "Solution Items", "{A3FEC2CC-6821-4487-A020-E7B133D40C1D}"
	ProjectSection(SolutionItems) = preProject
		build-push.ps1 = build-push.ps1
		CurrentImageVersion.txt = CurrentImageVersion.txt
		deployments.demo.yaml = deployments.demo.yaml
		deployments.yaml = deployments.yaml
	EndProjectSection
EndProject
Project("{9A19103F-16F7-4668-BE54-9A1E7A4F7556}") = "SmartHotel.Devices.RoomDevice", "SmartHotel.Devices.RoomDevice\SmartHotel.Devices.RoomDevice.csproj", "{3AA85E8F-3EE4-48FF-825A-ED5AF1AF5C10}"
EndProject
Global
	GlobalSection(SolutionConfigurationPlatforms) = preSolution
		Debug|Any CPU = Debug|Any CPU
		Release|Any CPU = Release|Any CPU
	EndGlobalSection
	GlobalSection(ProjectConfigurationPlatforms) = postSolution
		{7A8C1E30-7075-4B97-8E51-40B2429AC8C2}.Debug|Any CPU.ActiveCfg = Debug|Any CPU
		{7A8C1E30-7075-4B97-8E51-40B2429AC8C2}.Debug|Any CPU.Build.0 = Debug|Any CPU
		{7A8C1E30-7075-4B97-8E51-40B2429AC8C2}.Release|Any CPU.ActiveCfg = Release|Any CPU
		{7A8C1E30-7075-4B97-8E51-40B2429AC8C2}.Release|Any CPU.Build.0 = Release|Any CPU
		{3AA85E8F-3EE4-48FF-825A-ED5AF1AF5C10}.Debug|Any CPU.ActiveCfg = Debug|Any CPU
		{3AA85E8F-3EE4-48FF-825A-ED5AF1AF5C10}.Debug|Any CPU.Build.0 = Debug|Any CPU
		{3AA85E8F-3EE4-48FF-825A-ED5AF1AF5C10}.Release|Any CPU.ActiveCfg = Release|Any CPU
		{3AA85E8F-3EE4-48FF-825A-ED5AF1AF5C10}.Release|Any CPU.Build.0 = Release|Any CPU
	EndGlobalSection
	GlobalSection(SolutionProperties) = preSolution
		HideSolutionNode = FALSE
	EndGlobalSection
	GlobalSection(ExtensibilityGlobals) = postSolution
		SolutionGuid = {1754A04E-23E9-44E2-B010-82BA0C9843F1}
	EndGlobalSection
EndGlobal
